
Microsoft Visual Studio Solution File, Format Version 12.00
# Visual Studio 14
VisualStudioVersion = 14.0.25420.1
MinimumVisualStudioVersion = 10.0.40219.1
Project("{FAE04EC0-301F-11D3-BF4B-00C04F79EFBC}") = "2048", "2048\2048.csproj", "{AE92F406-DA0F-42ED-A60E-2BBBA80FEF28}"
EndProject
Global
	GlobalSection(SolutionConfigurationPlatforms) = preSolution
		Debug|Any CPU = Debug|Any CPU
		Release|Any CPU = Release|Any CPU
	EndGlobalSection
	GlobalSection(ProjectConfigurationPlatforms) = postSolution
		{AE92F406-DA0F-42ED-A60E-2BBBA80FEF28}.Debug|Any CPU.ActiveCfg = Debug|Any CPU
		{AE92F406-DA0F-42ED-A60E-2BBBA80FEF28}.Debug|Any CPU.Build.0 = Debug|Any CPU
		{AE92F406-DA0F-42ED-A60E-2BBBA80FEF28}.Debug|Any CPU.Deploy.0 = Debug|Any CPU
		{AE92F406-DA0F-42ED-A60E-2BBBA80FEF28}.Release|Any CPU.ActiveCfg = Release|Any CPU
		{AE92F406-DA0F-42ED-A60E-2BBBA80FEF28}.Release|Any CPU.Build.0 = Release|Any CPU
		{AE92F406-DA0F-42ED-A60E-2BBBA80FEF28}.Release|Any CPU.Deploy.0 = Release|Any CPU
	EndGlobalSection
	GlobalSection(SolutionProperties) = preSolution
		HideSolutionNode = FALSE
	EndGlobalSection
EndGlobal
